# THIS IS AN AUTOGENERATED FILE. DO NOT EDIT THIS FILE DIRECTLY.
# yarn lockfile v1


"@biomejs/biome@^1.9.3":
  version "1.9.4"
  resolved "https://registry.yarnpkg.com/@biomejs/biome/-/biome-1.9.4.tgz#89766281cbc3a0aae865a7ff13d6aaffea2842bf"
  integrity sha512-1rkd7G70+o9KkTn5KLmDYXihGoTaIGO9PIIN2ZB7UJxFrWw04CZHPYiMRjYsaDvVV7hP1dYNRLxSANLaBFGpog==
  optionalDependencies:
    "@biomejs/cli-darwin-arm64" "1.9.4"
    "@biomejs/cli-darwin-x64" "1.9.4"
    "@biomejs/cli-linux-arm64" "1.9.4"
    "@biomejs/cli-linux-arm64-musl" "1.9.4"
    "@biomejs/cli-linux-x64" "1.9.4"
    "@biomejs/cli-linux-x64-musl" "1.9.4"
    "@biomejs/cli-win32-arm64" "1.9.4"
    "@biomejs/cli-win32-x64" "1.9.4"

"@biomejs/cli-darwin-arm64@1.9.4":
  version "1.9.4"
  resolved "https://registry.yarnpkg.com/@biomejs/cli-darwin-arm64/-/cli-darwin-arm64-1.9.4.tgz#dfa376d23a54a2d8f17133c92f23c1bf2e62509f"
  integrity sha512-bFBsPWrNvkdKrNCYeAp+xo2HecOGPAy9WyNyB/jKnnedgzl4W4Hb9ZMzYNbf8dMCGmUdSavlYHiR01QaYR58cw==

"@biomejs/cli-darwin-x64@1.9.4":
  version "1.9.4"
  resolved "https://registry.yarnpkg.com/@biomejs/cli-darwin-x64/-/cli-darwin-x64-1.9.4.tgz#eafc2ce3849d385fc02238aad1ca4a73395a64d9"
  integrity sha512-ngYBh/+bEedqkSevPVhLP4QfVPCpb+4BBe2p7Xs32dBgs7rh9nY2AIYUL6BgLw1JVXV8GlpKmb/hNiuIxfPfZg==

"@biomejs/cli-linux-arm64-musl@1.9.4":
  version "1.9.4"
  resolved "https://registry.yarnpkg.com/@biomejs/cli-linux-arm64-musl/-/cli-linux-arm64-musl-1.9.4.tgz#d780c3e01758fc90f3268357e3f19163d1f84fca"
  integrity sha512-v665Ct9WCRjGa8+kTr0CzApU0+XXtRgwmzIf1SeKSGAv+2scAlW6JR5PMFo6FzqqZ64Po79cKODKf3/AAmECqA==

"@biomejs/cli-linux-arm64@1.9.4":
  version "1.9.4"
  resolved "https://registry.yarnpkg.com/@biomejs/cli-linux-arm64/-/cli-linux-arm64-1.9.4.tgz#8ed1dd0e89419a4b66a47f95aefb8c46ae6041c9"
  integrity sha512-fJIW0+LYujdjUgJJuwesP4EjIBl/N/TcOX3IvIHJQNsAqvV2CHIogsmA94BPG6jZATS4Hi+xv4SkBBQSt1N4/g==

"@biomejs/cli-linux-x64-musl@1.9.4":
  version "1.9.4"
  resolved "https://registry.yarnpkg.com/@biomejs/cli-linux-x64-musl/-/cli-linux-x64-musl-1.9.4.tgz#f36982b966bd671a36671e1de4417963d7db15fb"
  integrity sha512-gEhi/jSBhZ2m6wjV530Yy8+fNqG8PAinM3oV7CyO+6c3CEh16Eizm21uHVsyVBEB6RIM8JHIl6AGYCv6Q6Q9Tg==

"@biomejs/cli-linux-x64@1.9.4":
  version "1.9.4"
  resolved "https://registry.yarnpkg.com/@biomejs/cli-linux-x64/-/cli-linux-x64-1.9.4.tgz#a0a7f56680c76b8034ddc149dbf398bdd3a462e8"
  integrity sha512-lRCJv/Vi3Vlwmbd6K+oQ0KhLHMAysN8lXoCI7XeHlxaajk06u7G+UsFSO01NAs5iYuWKmVZjmiOzJ0OJmGsMwg==

"@biomejs/cli-win32-arm64@1.9.4":
  version "1.9.4"
  resolved "https://registry.yarnpkg.com/@biomejs/cli-win32-arm64/-/cli-win32-arm64-1.9.4.tgz#e2ef4e0084e76b7e26f0fc887c5ef1265ea56200"
  integrity sha512-tlbhLk+WXZmgwoIKwHIHEBZUwxml7bRJgk0X2sPyNR3S93cdRq6XulAZRQJ17FYGGzWne0fgrXBKpl7l4M87Hg==

"@biomejs/cli-win32-x64@1.9.4":
  version "1.9.4"
  resolved "https://registry.yarnpkg.com/@biomejs/cli-win32-x64/-/cli-win32-x64-1.9.4.tgz#4c7afa90e3970213599b4095e62f87e5972b2340"
  integrity sha512-8Y5wMhVIPaWe6jw2H+KlEm4wP/f7EW3810ZLmDlrEEy5KvBsb9ECEfu/kMWD484ijfQ8+nIi0giMgu9g1UAuuA==

"@module-federation/runtime-tools@0.5.1":
  version "0.5.1"
  resolved "https://registry.yarnpkg.com/@module-federation/runtime-tools/-/runtime-tools-0.5.1.tgz#1b1f93837159a6bf0c0ba78730d589a5a8f74aa3"
  integrity sha512-nfBedkoZ3/SWyO0hnmaxuz0R0iGPSikHZOAZ0N/dVSQaIzlffUo35B5nlC2wgWIc0JdMZfkwkjZRrnuuDIJbzg==
  dependencies:
    "@module-federation/runtime" "0.5.1"
    "@module-federation/webpack-bundler-runtime" "0.5.1"

"@module-federation/runtime@0.5.1":
  version "0.5.1"
  resolved "https://registry.yarnpkg.com/@module-federation/runtime/-/runtime-0.5.1.tgz#b548a75e2068952ff66ad717cbf73fc921edd5d7"
  integrity sha512-xgiMUWwGLWDrvZc9JibuEbXIbhXg6z2oUkemogSvQ4LKvrl/n0kbqP1Blk669mXzyWbqtSp6PpvNdwaE1aN5xQ==
  dependencies:
    "@module-federation/sdk" "0.5.1"

"@module-federation/sdk@0.5.1":
  version "0.5.1"
  resolved "https://registry.yarnpkg.com/@module-federation/sdk/-/sdk-0.5.1.tgz#6c0a4053c23fa84db7aae7e4736496c541de7191"
  integrity sha512-exvchtjNURJJkpqjQ3/opdbfeT2wPKvrbnGnyRkrwW5o3FH1LaST1tkiNviT6OXTexGaVc2DahbdniQHVtQ7pA==

"@module-federation/webpack-bundler-runtime@0.5.1":
  version "0.5.1"
  resolved "https://registry.yarnpkg.com/@module-federation/webpack-bundler-runtime/-/webpack-bundler-runtime-0.5.1.tgz#ef626af0d57e3568c474d66d7d3797366e09cafd"
  integrity sha512-mMhRFH0k2VjwHt3Jol9JkUsmI/4XlrAoBG3E0o7HoyoPYv1UFOWyqAflfANcUPgbYpvqmyLzDcO+3IT36LXnrA==
  dependencies:
    "@module-federation/runtime" "0.5.1"
    "@module-federation/sdk" "0.5.1"

"@rsbuild/core@^1.0.18":
  version "1.0.19"
  resolved "https://registry.yarnpkg.com/@rsbuild/core/-/core-1.0.19.tgz#5641036d2d803645575cf4178d18eecb04056f95"
  integrity sha512-63DAPvYfRBoUrb51BUPb4Xoqx48MHQ0yLcmnCiqZGpMeKYtTWzD+lyx5va4cr9qvdnIFTAX2BMuYC/j5iSrtTA==
  dependencies:
    "@rspack/core" "~1.0.14"
    "@rspack/lite-tapable" "~1.0.1"
    "@swc/helpers" "^0.5.13"
    core-js "~3.38.1"
  optionalDependencies:
    fsevents "~2.3.3"

"@rsbuild/plugin-react@^1.0.5":
  version "1.0.6"
  resolved "https://registry.yarnpkg.com/@rsbuild/plugin-react/-/plugin-react-1.0.6.tgz#b1f5a061e58b0184ac078b9545c447410dcbeea0"
  integrity sha512-k2VS7nvNm74DlVQROK+w+Ua1j60n3qSnVFva8zjmj6uakLCxxp85aRwfEHzaVP/YdDLffweypROuQPYvTZ57ew==
  dependencies:
    "@rspack/plugin-react-refresh" "~1.0.0"
    react-refresh "^0.14.2"

"@rspack/binding-darwin-arm64@1.0.14":
  version "1.0.14"
  resolved "https://registry.yarnpkg.com/@rspack/binding-darwin-arm64/-/binding-darwin-arm64-1.0.14.tgz#b9d99fb71e047f5300a851614f89cb9d7168db3e"
  integrity sha512-dHvlF6T6ctThGDIdvkSdacroA1xlCxfteuppBj8BX/UxzLPr4xsaEtNilfJmFfd2/J02UQyTQauN/9EBuA+YkA==

"@rspack/binding-darwin-x64@1.0.14":
  version "1.0.14"
  resolved "https://registry.yarnpkg.com/@rspack/binding-darwin-x64/-/binding-darwin-x64-1.0.14.tgz#ddc40886f9a0321349e6be2e9469645ae87bbe36"
  integrity sha512-q4Da1Bn/4xTLhhnOkT+fjP2STsSCfp4z03/J/h8tCVG/UYz56Ud3q1UEOK33c5Fxw1C4GlhEh5yYOlSAdxFQLQ==

"@rspack/binding-linux-arm64-gnu@1.0.14":
  version "1.0.14"
  resolved "https://registry.yarnpkg.com/@rspack/binding-linux-arm64-gnu/-/binding-linux-arm64-gnu-1.0.14.tgz#2600e00adf5d1e09d7f0f476b3a01671e20731a7"
  integrity sha512-JogYtL3VQS9wJ3p3FNhDqinm7avrMsdwz4erP7YCjD7idob93GYAE7dPrHUzSNVnCBYXRaHJYZHDQs7lKVcYZw==

"@rspack/binding-linux-arm64-musl@1.0.14":
  version "1.0.14"
  resolved "https://registry.yarnpkg.com/@rspack/binding-linux-arm64-musl/-/binding-linux-arm64-musl-1.0.14.tgz#8c2624c1426ecc51c9bd4c74c8dcc8d7b0bdbc35"
  integrity sha512-qgybhxI/nnoa8CUz7zKTC0Oh37NZt9uRxsSV7+ZYrfxqbrVCoNVuutPpY724uUHy1M6W34kVEm1uT1N4Ka5cZg==

"@rspack/binding-linux-x64-gnu@1.0.14":
  version "1.0.14"
  resolved "https://registry.yarnpkg.com/@rspack/binding-linux-x64-gnu/-/binding-linux-x64-gnu-1.0.14.tgz#6636bf658304d246d617f01ae12f4cbe29097a62"
  integrity sha512-5vzaDRw3/sGKo3ax/1cU3/cxqNjajwlt2LU288vXNe1/n8oe/pcDfYcTugpOe/A1DqzadanudJszLpFcKsaFtQ==

"@rspack/binding-linux-x64-musl@1.0.14":
  version "1.0.14"
  resolved "https://registry.yarnpkg.com/@rspack/binding-linux-x64-musl/-/binding-linux-x64-musl-1.0.14.tgz#887c7f26876495f45842ebab874198db394dfd6f"
  integrity sha512-4U6QD9xVS1eGme52DuJr6Fg/KdcUfJ+iKwH49Up460dZ/fLvGylnVGA+V0mzPlKi8gfy7NwFuYXZdu3Pwi1YYg==

"@rspack/binding-win32-arm64-msvc@1.0.14":
  version "1.0.14"
  resolved "https://registry.yarnpkg.com/@rspack/binding-win32-arm64-msvc/-/binding-win32-arm64-msvc-1.0.14.tgz#cfde74d44a866ed42501d107349a56b7b0122042"
  integrity sha512-SjeYw7qqRHYZ5RPClu+ffKZsShQdU3amA1OwC3M0AS6dbfEcji8482St3Y8Z+QSzYRapCEZij9LMM/9ypEhISg==

"@rspack/binding-win32-ia32-msvc@1.0.14":
  version "1.0.14"
  resolved "https://registry.yarnpkg.com/@rspack/binding-win32-ia32-msvc/-/binding-win32-ia32-msvc-1.0.14.tgz#59532613cea22aa78928fb92b1a35347d780aaab"
  integrity sha512-m1gUiVyz3Z3VYIK/Ayo5CVHBjnEeRk9a+KIpKSsq1yhZItnMgjtr4bKabU9vjxalO4UoaSmVzODJI8lJBlnn5Q==

"@rspack/binding-win32-x64-msvc@1.0.14":
  version "1.0.14"
  resolved "https://registry.yarnpkg.com/@rspack/binding-win32-x64-msvc/-/binding-win32-x64-msvc-1.0.14.tgz#5bf023ba319dc748e54f8c23bcecab79703dc163"
  integrity sha512-Gbeg+bayMF9VP9xmlxySL/TC2XrS6/LZM/pqcNOTLHx6LMG/VXCcmKB0rOZo8MzLXEt8D/lQmQ/B6g7pSaAw0g==

"@rspack/binding@1.0.14":
  version "1.0.14"
  resolved "https://registry.yarnpkg.com/@rspack/binding/-/binding-1.0.14.tgz#60a04aca4369f7c4ca646e69cbeee75636a418ef"
  integrity sha512-0wWqFvr9hkF4LgNPgWfkTU0hhkZAMvOytoCs2p+wDX1Up1E/SgJ1U1JAsCxsl1XtUKm7mRvdWHzJmHbza3y89Q==
  optionalDependencies:
    "@rspack/binding-darwin-arm64" "1.0.14"
    "@rspack/binding-darwin-x64" "1.0.14"
    "@rspack/binding-linux-arm64-gnu" "1.0.14"
    "@rspack/binding-linux-arm64-musl" "1.0.14"
    "@rspack/binding-linux-x64-gnu" "1.0.14"
    "@rspack/binding-linux-x64-musl" "1.0.14"
    "@rspack/binding-win32-arm64-msvc" "1.0.14"
    "@rspack/binding-win32-ia32-msvc" "1.0.14"
    "@rspack/binding-win32-x64-msvc" "1.0.14"

"@rspack/core@~1.0.14":
  version "1.0.14"
  resolved "https://registry.yarnpkg.com/@rspack/core/-/core-1.0.14.tgz#7b7305391a488b5ac5dc28a82e9fb02b7ec3e8de"
  integrity sha512-xHl23lxJZNjItGc5YuE9alz3yjb56y7EgJmAcBMPHMqgjtUt8rBu4xd/cSUjbr9/lLF9N4hdyoJiPJOFs9LEjw==
  dependencies:
    "@module-federation/runtime-tools" "0.5.1"
    "@rspack/binding" "1.0.14"
    "@rspack/lite-tapable" "1.0.1"
    caniuse-lite "^1.0.30001616"

"@rspack/lite-tapable@1.0.1", "@rspack/lite-tapable@~1.0.1":
  version "1.0.1"
  resolved "https://registry.yarnpkg.com/@rspack/lite-tapable/-/lite-tapable-1.0.1.tgz#d4540a5d28bd6177164bc0ba0bee4bdec0458591"
  integrity sha512-VynGOEsVw2s8TAlLf/uESfrgfrq2+rcXB1muPJYBWbsm1Oa6r5qVQhjA5ggM6z/coYPrsVMgovl3Ff7Q7OCp1w==

"@rspack/plugin-react-refresh@~1.0.0":
  version "1.0.0"
  resolved "https://registry.yarnpkg.com/@rspack/plugin-react-refresh/-/plugin-react-refresh-1.0.0.tgz#7e0cc22b157d25131be4283667cdbb86960a3650"
  integrity sha512-WvXkLewW5G0Mlo5H1b251yDh5FFiH4NDAbYlFpvFjcuXX2AchZRf9zdw57BDE/ADyWsJgA8kixN/zZWBTN3iYA==
  dependencies:
    error-stack-parser "^2.0.6"
    html-entities "^2.1.0"

"@swc/helpers@^0.5.13":
  version "0.5.13"
  resolved "https://registry.yarnpkg.com/@swc/helpers/-/helpers-0.5.13.tgz#33e63ff3cd0cade557672bd7888a39ce7d115a8c"
  integrity sha512-UoKGxQ3r5kYI9dALKJapMmuK+1zWM/H17Z1+iwnNmzcJRnfFuevZs375TA5rW31pu4BS4NoSy1fRsexDXfWn5w==
  dependencies:
    tslib "^2.4.0"

"@types/prop-types@*":
  version "15.7.13"
  resolved "https://registry.yarnpkg.com/@types/prop-types/-/prop-types-15.7.13.tgz#2af91918ee12d9d32914feb13f5326658461b451"
  integrity sha512-hCZTSvwbzWGvhqxp/RqVqwU999pBf2vp7hzIjiYOsl8wqOmUxkQ6ddw1cV3l8811+kdUFus/q4d1Y3E3SyEifA==

"@types/react-dom@^18.3.1":
  version "18.3.1"
  resolved "https://registry.yarnpkg.com/@types/react-dom/-/react-dom-18.3.1.tgz#1e4654c08a9cdcfb6594c780ac59b55aad42fe07"
  integrity sha512-qW1Mfv8taImTthu4KoXgDfLuk4bydU6Q/TkADnDWWHwi4NX4BR+LWfTp2sVmTqRrsHvyDDTelgelxJ+SsejKKQ==
  dependencies:
    "@types/react" "*"

"@types/react@*", "@types/react@^18.3.12":
  version "18.3.12"
  resolved "https://registry.yarnpkg.com/@types/react/-/react-18.3.12.tgz#99419f182ccd69151813b7ee24b792fe08774f60"
  integrity sha512-D2wOSq/d6Agt28q7rSI3jhU7G6aiuzljDGZ2hTZHIkrTLUI+AF3WMeKkEZ9nN2fkBAlcktT6vcZjDFiIhMYEQw==
  dependencies:
    "@types/prop-types" "*"
    csstype "^3.0.2"

caniuse-lite@^1.0.30001616:
  version "1.0.30001677"
  resolved "https://registry.yarnpkg.com/caniuse-lite/-/caniuse-lite-1.0.30001677.tgz#27c2e2c637e007cfa864a16f7dfe7cde66b38b5f"
  integrity sha512-fmfjsOlJUpMWu+mAAtZZZHz7UEwsUxIIvu1TJfO1HqFQvB/B+ii0xr9B5HpbZY/mC4XZ8SvjHJqtAY6pDPQEog==

core-js@~3.38.1:
  version "3.38.1"
  resolved "https://registry.yarnpkg.com/core-js/-/core-js-3.38.1.tgz#aa375b79a286a670388a1a363363d53677c0383e"
  integrity sha512-OP35aUorbU3Zvlx7pjsFdu1rGNnD4pgw/CWoYzRY3t2EzoVT7shKHY1dlAy3f41cGIO7ZDPQimhGFTlEYkG/Hw==

csstype@^3.0.2:
  version "3.1.3"
  resolved "https://registry.yarnpkg.com/csstype/-/csstype-3.1.3.tgz#d80ff294d114fb0e6ac500fbf85b60137d7eff81"
  integrity sha512-M1uQkMl8rQK/szD0LNhtqxIPLpimGm8sOBwU7lLnCpSbTyY3yeU1Vc7l4KT5zT4s/yOxHH5O7tIuuLOCnLADRw==

error-stack-parser@^2.0.6:
  version "2.1.4"
  resolved "https://registry.yarnpkg.com/error-stack-parser/-/error-stack-parser-2.1.4.tgz#229cb01cdbfa84440bfa91876285b94680188286"
  integrity sha512-Sk5V6wVazPhq5MhpO+AUxJn5x7XSXGl1R93Vn7i+zS15KDVxQijejNCrz8340/2bgLBjR9GtEG8ZVKONDjcqGQ==
  dependencies:
    stackframe "^1.3.4"

fsevents@~2.3.3:
  version "2.3.3"
  resolved "https://registry.yarnpkg.com/fsevents/-/fsevents-2.3.3.tgz#cac6407785d03675a2a5e1a5305c697b347d90d6"
  integrity sha512-5xoDfX+fL7faATnagmWPpbFtwh/R77WmMMqqHGS65C3vvB0YHrgF+B1YmZ3441tMj5n63k0212XNoJwzlhffQw==

html-entities@^2.1.0:
  version "2.5.2"
  resolved "https://registry.yarnpkg.com/html-entities/-/html-entities-2.5.2.tgz#201a3cf95d3a15be7099521620d19dfb4f65359f"
  integrity sha512-K//PSRMQk4FZ78Kyau+mZurHn3FH0Vwr+H36eE0rPbeYkRRi9YxceYPhuN60UwWorxyKHhqoAJl2OFKa4BVtaA==

"js-tokens@^3.0.0 || ^4.0.0":
  version "4.0.0"
  resolved "https://registry.yarnpkg.com/js-tokens/-/js-tokens-4.0.0.tgz#19203fb59991df98e3a287050d4647cdeaf32499"
  integrity sha512-RdJUflcE3cUzKiMqQgsCu06FPu9UdIJO0beYbPhHN4k6apgJtifcoCtT9bcxOpYBtpD2kCM6Sbzg4CausW/PKQ==

loose-envify@^1.1.0:
  version "1.4.0"
  resolved "https://registry.yarnpkg.com/loose-envify/-/loose-envify-1.4.0.tgz#71ee51fa7be4caec1a63839f7e682d8132d30caf"
  integrity sha512-lyuxPGr/Wfhrlem2CL/UcnUc1zcqKAImBDzukY7Y5F/yQiNdko6+fRLevlw1HgMySw7f611UIY408EtxRSoK3Q==
  dependencies:
    js-tokens "^3.0.0 || ^4.0.0"

react-dom@^18.3.1:
  version "18.3.1"
  resolved "https://registry.yarnpkg.com/react-dom/-/react-dom-18.3.1.tgz#c2265d79511b57d479b3dd3fdfa51536494c5cb4"
  integrity sha512-5m4nQKp+rZRb09LNH59GM4BxTh9251/ylbKIbpe7TpGxfJ+9kv6BLkLBXIjjspbgbnIBNqlI23tRnTWT0snUIw==
  dependencies:
    loose-envify "^1.1.0"
    scheduler "^0.23.2"

react-refresh@^0.14.2:
  version "0.14.2"
  resolved "https://registry.yarnpkg.com/react-refresh/-/react-refresh-0.14.2.tgz#3833da01ce32da470f1f936b9d477da5c7028bf9"
  integrity sha512-jCvmsr+1IUSMUyzOkRcvnVbX3ZYC6g9TDrDbFuFmRDq7PD4yaGbLKNQL6k2jnArV8hjYxh7hVhAZB6s9HDGpZA==

react@^18.3.1:
  version "18.3.1"
  resolved "https://registry.yarnpkg.com/react/-/react-18.3.1.tgz#49ab892009c53933625bd16b2533fc754cab2891"
  integrity sha512-wS+hAgJShR0KhEvPJArfuPVN1+Hz1t0Y6n5jLrGQbkb4urgPE/0Rve+1kMB1v/oWgHgm4WIcV+i7F2pTVj+2iQ==
  dependencies:
    loose-envify "^1.1.0"

scheduler@^0.23.2:
  version "0.23.2"
  resolved "https://registry.yarnpkg.com/scheduler/-/scheduler-0.23.2.tgz#414ba64a3b282892e944cf2108ecc078d115cdc3"
  integrity sha512-UOShsPwz7NrMUqhR6t0hWjFduvOzbtv7toDH1/hIrfRNIDBnnBWd0CwJTGvTpngVlmwGCdP9/Zl/tVrDqcuYzQ==
  dependencies:
    loose-envify "^1.1.0"

stackframe@^1.3.4:
  version "1.3.4"
  resolved "https://registry.yarnpkg.com/stackframe/-/stackframe-1.3.4.tgz#b881a004c8c149a5e8efef37d51b16e412943310"
  integrity sha512-oeVtt7eWQS+Na6F//S4kJ2K2VbRlS9D43mAlMyVpVWovy9o+jfgH8O9agzANzaiLjclA0oYzUXEM4PurhSUChw==

tslib@^2.4.0:
  version "2.8.1"
  resolved "https://registry.yarnpkg.com/tslib/-/tslib-2.8.1.tgz#612efe4ed235d567e8aba5f2a5fab70280ade83f"
  integrity sha512-oJFu94HQb+KVduSUQL7wnpmqnfmLsOA/nAh6b6EH0wCEoK0/mPeXU6c3wKDV83MkOuHPRHtSXKKU99IBazS/2w==

typescript@^5.6.3:
  version "5.6.3"
  resolved "https://registry.yarnpkg.com/typescript/-/typescript-5.6.3.tgz#5f3449e31c9d94febb17de03cc081dd56d81db5b"
  integrity sha512-hjcS1mhfuyi4WW8IWtjP7brDrG2cuDZukyrYrSauoXGNgx0S7zceP07adYkJycEr56BOUTNPzbInooiN3fn1qw==
